
Microsoft Visual Studio Solution File, Format Version 12.00
# Visual Studio Version 17
VisualStudioVersion = 17.3.32922.545
MinimumVisualStudioVersion = 10.0.40219.1
Project("{FAE04EC0-301F-11D3-BF4B-00C04F79EFBC}") = "FN_Jute", "FN_Jute\FN_Jute.csproj", "{2FA2B221-3672-4F81-902C-6B21966EC173}"
EndProject
Global
	GlobalSection(SolutionConfigurationPlatforms) = preSolution
		Debug|Any CPU = Debug|Any CPU
		Release|Any CPU = Release|Any CPU
	EndGlobalSection
	GlobalSection(ProjectConfigurationPlatforms) = postSolution
		{2FA2B221-3672-4F81-902C-6B21966EC173}.Debug|Any CPU.ActiveCfg = Debug|Any CPU
		{2FA2B221-3672-4F81-902C-6B21966EC173}.Debug|Any CPU.Build.0 = Debug|Any CPU
		{2FA2B221-3672-4F81-902C-6B21966EC173}.Release|Any CPU.ActiveCfg = Release|Any CPU
		{2FA2B221-3672-4F81-902C-6B21966EC173}.Release|Any CPU.Build.0 = Release|Any CPU
	EndGlobalSection
	GlobalSection(SolutionProperties) = preSolution
		HideSolutionNode = FALSE
	EndGlobalSection
	GlobalSection(ExtensibilityGlobals) = postSolution
		SolutionGuid = {62C44A5C-DB42-498D-96B7-D7D222FE8A77}
	EndGlobalSection
EndGlobal
